// !$*UTF8*$!
{
	archiveVersion = 1;
	classes = {
	};
	objectVersion = 51;
	objects = {

/* Begin PBXBuildFile section */
		1D1C32882293D387F3B32982 /* Pods_Instagram.framework in Frameworks */ = {isa = PBXBuildFile; fileRef = 4B159D907BF250B9B610F18B /* Pods_Instagram.framework */; };
		3E0BB44527112C0D00D700CD /* LoginViewController.swift in Sources */ = {isa = PBXBuildFile; fileRef = 3E0BB44427112C0D00D700CD /* LoginViewController.swift */; };
		3E0BB44A27112C1B00D700CD /* FeedViewController.swift in Sources */ = {isa = PBXBuildFile; fileRef = 3E0BB44927112C1B00D700CD /* FeedViewController.swift */; };
		3E1C0A3B27114DD200F240F1 /* CameraViewController.swift in Sources */ = {isa = PBXBuildFile; fileRef = 3E1C0A3A27114DD200F240F1 /* CameraViewController.swift */; };
		3E414CE02710860300F5C22B /* AppDelegate.swift in Sources */ = {isa = PBXBuildFile; fileRef = 3E414CDF2710860300F5C22B /* AppDelegate.swift */; };
		3E414CE22710860300F5C22B /* SceneDelegate.swift in Sources */ = {isa = PBXBuildFile; fileRef = 3E414CE12710860300F5C22B /* SceneDelegate.swift */; };
		3E414CE72710860300F5C22B /* Main.storyboard in Resources */ = {isa = PBXBuildFile; fileRef = 3E414CE52710860300F5C22B /* Main.storyboard */; };
		3E414CE92710860600F5C22B /* Assets.xcassets in Resources */ = {isa = PBXBuildFile; fileRef = 3E414CE82710860600F5C22B /* Assets.xcassets */; };
		3E414CEC2710860600F5C22B /* LaunchScreen.storyboard in Resources */ = {isa = PBXBuildFile; fileRef = 3E414CEA2710860600F5C22B /* LaunchScreen.storyboard */; };
		3E414CF72710860600F5C22B /* InstagramTests.swift in Sources */ = {isa = PBXBuildFile; fileRef = 3E414CF62710860600F5C22B /* InstagramTests.swift */; };
		3E414D022710860600F5C22B /* InstagramUITests.swift in Sources */ = {isa = PBXBuildFile; fileRef = 3E414D012710860600F5C22B /* InstagramUITests.swift */; };
		3EA82B54271CFAAD00B45CB2 /* CommentCell.swift in Sources */ = {isa = PBXBuildFile; fileRef = 3EA82B53271CFAAD00B45CB2 /* CommentCell.swift */; };
		3EF7C9E727115C2A00E3CA94 /* PostCell.swift in Sources */ = {isa = PBXBuildFile; fileRef = 3EF7C9E627115C2A00E3CA94 /* PostCell.swift */; };
		62D22FC6975EAB5E81CBB98E /* Pods_Instagram_InstagramUITests.framework in Frameworks */ = {isa = PBXBuildFile; fileRef = A22F80E30C7519B6C03702E9 /* Pods_Instagram_InstagramUITests.framework */; };
		D6543A4CDF140E18831A157A /* Pods_InstagramTests.framework in Frameworks */ = {isa = PBXBuildFile; fileRef = A42720959EBA3F3B04F150B9 /* Pods_InstagramTests.framework */; };
/* End PBXBuildFile section */

/* Begin PBXContainerItemProxy section */
		3E414CF32710860600F5C22B /* PBXContainerItemProxy */ = {
			isa = PBXContainerItemProxy;
			containerPortal = 3E414CD42710860300F5C22B /* Project object */;
			proxyType = 1;
			remoteGlobalIDString = 3E414CDB2710860300F5C22B;
			remoteInfo = Instagram;
		};
		3E414CFE2710860600F5C22B /* PBXContainerItemProxy */ = {
			isa = PBXContainerItemProxy;
			containerPortal = 3E414CD42710860300F5C22B /* Project object */;
			proxyType = 1;
			remoteGlobalIDString = 3E414CDB2710860300F5C22B;
			remoteInfo = Instagram;
		};
/* End PBXContainerItemProxy section */

/* Begin PBXFileReference section */
		1A347D7AFFCF616571FDF2DB /* Pods-Instagram-InstagramUITests.release.xcconfig */ = {isa = PBXFileReference; includeInIndex = 1; lastKnownFileType = text.xcconfig; name = "Pods-Instagram-InstagramUITests.release.xcconfig"; path = "Target Support Files/Pods-Instagram-InstagramUITests/Pods-Instagram-InstagramUITests.release.xcconfig"; sourceTree = "<group>"; };
		3E0BB44427112C0D00D700CD /* LoginViewController.swift */ = {isa = PBXFileReference; lastKnownFileType = sourcecode.swift; path = LoginViewController.swift; sourceTree = "<group>"; };
		3E0BB44927112C1B00D700CD /* FeedViewController.swift */ = {isa = PBXFileReference; lastKnownFileType = sourcecode.swift; path = FeedViewController.swift; sourceTree = "<group>"; };
		3E1C0A3A27114DD200F240F1 /* CameraViewController.swift */ = {isa = PBXFileReference; lastKnownFileType = sourcecode.swift; path = CameraViewController.swift; sourceTree = "<group>"; };
		3E414CDC2710860300F5C22B /* Instagram.app */ = {isa = PBXFileReference; explicitFileType = wrapper.application; includeInIndex = 0; path = Instagram.app; sourceTree = BUILT_PRODUCTS_DIR; };
		3E414CDF2710860300F5C22B /* AppDelegate.swift */ = {isa = PBXFileReference; lastKnownFileType = sourcecode.swift; path = AppDelegate.swift; sourceTree = "<group>"; };
		3E414CE12710860300F5C22B /* SceneDelegate.swift */ = {isa = PBXFileReference; lastKnownFileType = sourcecode.swift; path = SceneDelegate.swift; sourceTree = "<group>"; };
		3E414CE62710860300F5C22B /* Base */ = {isa = PBXFileReference; lastKnownFileType = file.storyboard; name = Base; path = Base.lproj/Main.storyboard; sourceTree = "<group>"; };
		3E414CE82710860600F5C22B /* Assets.xcassets */ = {isa = PBXFileReference; lastKnownFileType = folder.assetcatalog; path = Assets.xcassets; sourceTree = "<group>"; };
		3E414CEB2710860600F5C22B /* Base */ = {isa = PBXFileReference; lastKnownFileType = file.storyboard; name = Base; path = Base.lproj/LaunchScreen.storyboard; sourceTree = "<group>"; };
		3E414CED2710860600F5C22B /* Info.plist */ = {isa = PBXFileReference; lastKnownFileType = text.plist.xml; path = Info.plist; sourceTree = "<group>"; };
		3E414CF22710860600F5C22B /* InstagramTests.xctest */ = {isa = PBXFileReference; explicitFileType = wrapper.cfbundle; includeInIndex = 0; path = InstagramTests.xctest; sourceTree = BUILT_PRODUCTS_DIR; };
		3E414CF62710860600F5C22B /* InstagramTests.swift */ = {isa = PBXFileReference; lastKnownFileType = sourcecode.swift; path = InstagramTests.swift; sourceTree = "<group>"; };
		3E414CF82710860600F5C22B /* Info.plist */ = {isa = PBXFileReference; lastKnownFileType = text.plist.xml; path = Info.plist; sourceTree = "<group>"; };
		3E414CFD2710860600F5C22B /* InstagramUITests.xctest */ = {isa = PBXFileReference; explicitFileType = wrapper.cfbundle; includeInIndex = 0; path = InstagramUITests.xctest; sourceTree = BUILT_PRODUCTS_DIR; };
		3E414D012710860600F5C22B /* InstagramUITests.swift */ = {isa = PBXFileReference; lastKnownFileType = sourcecode.swift; path = InstagramUITests.swift; sourceTree = "<group>"; };
		3E414D032710860600F5C22B /* Info.plist */ = {isa = PBXFileReference; lastKnownFileType = text.plist.xml; path = Info.plist; sourceTree = "<group>"; };
		3EA82B53271CFAAD00B45CB2 /* CommentCell.swift */ = {isa = PBXFileReference; lastKnownFileType = sourcecode.swift; path = CommentCell.swift; sourceTree = "<group>"; };
		3EF7C9E627115C2A00E3CA94 /* PostCell.swift */ = {isa = PBXFileReference; lastKnownFileType = sourcecode.swift; path = PostCell.swift; sourceTree = "<group>"; };
		4B159D907BF250B9B610F18B /* Pods_Instagram.framework */ = {isa = PBXFileReference; explicitFileType = wrapper.framework; includeInIndex = 0; path = Pods_Instagram.framework; sourceTree = BUILT_PRODUCTS_DIR; };
		5A62F9E80563B573277BC496 /* Pods-InstagramTests.debug.xcconfig */ = {isa = PBXFileReference; includeInIndex = 1; lastKnownFileType = text.xcconfig; name = "Pods-InstagramTests.debug.xcconfig"; path = "Target Support Files/Pods-InstagramTests/Pods-InstagramTests.debug.xcconfig"; sourceTree = "<group>"; };
		7D75DCE2427202F1CDB453A8 /* Pods-Instagram.release.xcconfig */ = {isa = PBXFileReference; includeInIndex = 1; lastKnownFileType = text.xcconfig; name = "Pods-Instagram.release.xcconfig"; path = "Target Support Files/Pods-Instagram/Pods-Instagram.release.xcconfig"; sourceTree = "<group>"; };
		87F564F95989E200834B39BD /* Pods-Instagram.debug.xcconfig */ = {isa = PBXFileReference; includeInIndex = 1; lastKnownFileType = text.xcconfig; name = "Pods-Instagram.debug.xcconfig"; path = "Target Support Files/Pods-Instagram/Pods-Instagram.debug.xcconfig"; sourceTree = "<group>"; };
		A22F80E30C7519B6C03702E9 /* Pods_Instagram_InstagramUITests.framework */ = {isa = PBXFileReference; explicitFileType = wrapper.framework; includeInIndex = 0; path = Pods_Instagram_InstagramUITests.framework; sourceTree = BUILT_PRODUCTS_DIR; };
		A42720959EBA3F3B04F150B9 /* Pods_InstagramTests.framework */ = {isa = PBXFileReference; explicitFileType = wrapper.framework; includeInIndex = 0; path = Pods_InstagramTests.framework; sourceTree = BUILT_PRODUCTS_DIR; };
		A9F3A276CA318598D2CA004D /* Pods-Instagram-InstagramUITests.debug.xcconfig */ = {isa = PBXFileReference; includeInIndex = 1; lastKnownFileType = text.xcconfig; name = "Pods-Instagram-InstagramUITests.debug.xcconfig"; path = "Target Support Files/Pods-Instagram-InstagramUITests/Pods-Instagram-InstagramUITests.debug.xcconfig"; sourceTree = "<group>"; };
		F4CE6FD789A085D44D24587D /* Pods-InstagramTests.release.xcconfig */ = {isa = PBXFileReference; includeInIndex = 1; lastKnownFileType = text.xcconfig; name = "Pods-InstagramTests.release.xcconfig"; path = "Target Support Files/Pods-InstagramTests/Pods-InstagramTests.release.xcconfig"; sourceTree = "<group>"; };
/* End PBXFileReference section */

/* Begin PBXFrameworksBuildPhase section */
		3E414CD92710860300F5C22B /* Frameworks */ = {
			isa = PBXFrameworksBuildPhase;
			buildActionMask = 2147483647;
			files = (
				1D1C32882293D387F3B32982 /* Pods_Instagram.framework in Frameworks */,
			);
			runOnlyForDeploymentPostprocessing = 0;
		};
		3E414CEF2710860600F5C22B /* Frameworks */ = {
			isa = PBXFrameworksBuildPhase;
			buildActionMask = 2147483647;
			files = (
				D6543A4CDF140E18831A157A /* Pods_InstagramTests.framework in Frameworks */,
			);
			runOnlyForDeploymentPostprocessing = 0;
		};
		3E414CFA2710860600F5C22B /* Frameworks */ = {
			isa = PBXFrameworksBuildPhase;
			buildActionMask = 2147483647;
			files = (
				62D22FC6975EAB5E81CBB98E /* Pods_Instagram_InstagramUITests.framework in Frameworks */,
			);
			runOnlyForDeploymentPostprocessing = 0;
		};
/* End PBXFrameworksBuildPhase section */

/* Begin PBXGroup section */
		3E414CD32710860300F5C22B = {
			isa = PBXGroup;
			children = (
				3E414CDE2710860300F5C22B /* Instagram */,
				3E414CF52710860600F5C22B /* InstagramTests */,
				3E414D002710860600F5C22B /* InstagramUITests */,
				3E414CDD2710860300F5C22B /* Products */,
				6B65334A6681250387598461 /* Pods */,
				3E9D3BDA9531BF0BDD04B887 /* Frameworks */,
			);
			sourceTree = "<group>";
		};
		3E414CDD2710860300F5C22B /* Products */ = {
			isa = PBXGroup;
			children = (
				3E414CDC2710860300F5C22B /* Instagram.app */,
				3E414CF22710860600F5C22B /* InstagramTests.xctest */,
				3E414CFD2710860600F5C22B /* InstagramUITests.xctest */,
			);
			name = Products;
			sourceTree = "<group>";
		};
		3E414CDE2710860300F5C22B /* Instagram */ = {
			isa = PBXGroup;
			children = (
				3E414CDF2710860300F5C22B /* AppDelegate.swift */,
				3E414CE12710860300F5C22B /* SceneDelegate.swift */,
				3E414CE52710860300F5C22B /* Main.storyboard */,
				3E414CE82710860600F5C22B /* Assets.xcassets */,
				3E414CEA2710860600F5C22B /* LaunchScreen.storyboard */,
				3E414CED2710860600F5C22B /* Info.plist */,
				3E0BB44427112C0D00D700CD /* LoginViewController.swift */,
				3E0BB44927112C1B00D700CD /* FeedViewController.swift */,
				3E1C0A3A27114DD200F240F1 /* CameraViewController.swift */,
				3EF7C9E627115C2A00E3CA94 /* PostCell.swift */,
				3EA82B53271CFAAD00B45CB2 /* CommentCell.swift */,
			);
			path = Instagram;
			sourceTree = "<group>";
		};
		3E414CF52710860600F5C22B /* InstagramTests */ = {
			isa = PBXGroup;
			children = (
				3E414CF62710860600F5C22B /* InstagramTests.swift */,
				3E414CF82710860600F5C22B /* Info.plist */,
			);
			path = InstagramTests;
			sourceTree = "<group>";
		};
		3E414D002710860600F5C22B /* InstagramUITests */ = {
			isa = PBXGroup;
			children = (
				3E414D012710860600F5C22B /* InstagramUITests.swift */,
				3E414D032710860600F5C22B /* Info.plist */,
			);
			path = InstagramUITests;
			sourceTree = "<group>";
		};
		3E9D3BDA9531BF0BDD04B887 /* Frameworks */ = {
			isa = PBXGroup;
			children = (
				4B159D907BF250B9B610F18B /* Pods_Instagram.framework */,
				A22F80E30C7519B6C03702E9 /* Pods_Instagram_InstagramUITests.framework */,
				A42720959EBA3F3B04F150B9 /* Pods_InstagramTests.framework */,
			);
			name = Frameworks;
			sourceTree = "<group>";
		};
		6B65334A6681250387598461 /* Pods */ = {
			isa = PBXGroup;
			children = (
				87F564F95989E200834B39BD /* Pods-Instagram.debug.xcconfig */,
				7D75DCE2427202F1CDB453A8 /* Pods-Instagram.release.xcconfig */,
				A9F3A276CA318598D2CA004D /* Pods-Instagram-InstagramUITests.debug.xcconfig */,
				1A347D7AFFCF616571FDF2DB /* Pods-Instagram-InstagramUITests.release.xcconfig */,
				5A62F9E80563B573277BC496 /* Pods-InstagramTests.debug.xcconfig */,
				F4CE6FD789A085D44D24587D /* Pods-InstagramTests.release.xcconfig */,
			);
			path = Pods;
			sourceTree = "<group>";
		};
/* End PBXGroup section */

/* Begin PBXNativeTarget section */
		3E414CDB2710860300F5C22B /* Instagram */ = {
			isa = PBXNativeTarget;
			buildConfigurationList = 3E414D062710860600F5C22B /* Build configuration list for PBXNativeTarget "Instagram" */;
			buildPhases = (
				2AA8F6662455A57850A137C1 /* [CP] Check Pods Manifest.lock */,
				3E414CD82710860300F5C22B /* Sources */,
				3E414CD92710860300F5C22B /* Frameworks */,
				3E414CDA2710860300F5C22B /* Resources */,
				5A1C9626DC939CD338870BE1 /* [CP] Embed Pods Frameworks */,
			);
			buildRules = (
			);
			dependencies = (
			);
			name = Instagram;
			productName = Instagram;
			productReference = 3E414CDC2710860300F5C22B /* Instagram.app */;
			productType = "com.apple.product-type.application";
		};
		3E414CF12710860600F5C22B /* InstagramTests */ = {
			isa = PBXNativeTarget;
			buildConfigurationList = 3E414D092710860600F5C22B /* Build configuration list for PBXNativeTarget "InstagramTests" */;
			buildPhases = (
				2F81A1951FA7A1601EFA6DD0 /* [CP] Check Pods Manifest.lock */,
				3E414CEE2710860600F5C22B /* Sources */,
				3E414CEF2710860600F5C22B /* Frameworks */,
				3E414CF02710860600F5C22B /* Resources */,
			);
			buildRules = (
			);
			dependencies = (
				3E414CF42710860600F5C22B /* PBXTargetDependency */,
			);
			name = InstagramTests;
			productName = InstagramTests;
			productReference = 3E414CF22710860600F5C22B /* InstagramTests.xctest */;
			productType = "com.apple.product-type.bundle.unit-test";
		};
		3E414CFC2710860600F5C22B /* InstagramUITests */ = {
			isa = PBXNativeTarget;
			buildConfigurationList = 3E414D0C2710860600F5C22B /* Build configuration list for PBXNativeTarget "InstagramUITests" */;
			buildPhases = (
				7342B54B88FF97A47F68578E /* [CP] Check Pods Manifest.lock */,
				3E414CF92710860600F5C22B /* Sources */,
				3E414CFA2710860600F5C22B /* Frameworks */,
				3E414CFB2710860600F5C22B /* Resources */,
				5471B7C8543E8A28D1222687 /* [CP] Embed Pods Frameworks */,
			);
			buildRules = (
			);
			dependencies = (
				3E414CFF2710860600F5C22B /* PBXTargetDependency */,
			);
			name = InstagramUITests;
			productName = InstagramUITests;
			productReference = 3E414CFD2710860600F5C22B /* InstagramUITests.xctest */;
			productType = "com.apple.product-type.bundle.ui-testing";
		};
/* End PBXNativeTarget section */

/* Begin PBXProject section */
		3E414CD42710860300F5C22B /* Project object */ = {
			isa = PBXProject;
			attributes = {
				LastSwiftUpdateCheck = 1240;
				LastUpgradeCheck = 1240;
				TargetAttributes = {
					3E414CDB2710860300F5C22B = {
						CreatedOnToolsVersion = 12.4;
					};
					3E414CF12710860600F5C22B = {
						CreatedOnToolsVersion = 12.4;
						TestTargetID = 3E414CDB2710860300F5C22B;
					};
					3E414CFC2710860600F5C22B = {
						CreatedOnToolsVersion = 12.4;
						TestTargetID = 3E414CDB2710860300F5C22B;
					};
				};
			};
			buildConfigurationList = 3E414CD72710860300F5C22B /* Build configuration list for PBXProject "Instagram" */;
			compatibilityVersion = "Xcode 9.3";
			developmentRegion = en;
			hasScannedForEncodings = 0;
			knownRegions = (
				en,
				Base,
			);
			mainGroup = 3E414CD32710860300F5C22B;
			productRefGroup = 3E414CDD2710860300F5C22B /* Products */;
			projectDirPath = "";
			projectRoot = "";
			targets = (
				3E414CDB2710860300F5C22B /* Instagram */,
				3E414CF12710860600F5C22B /* InstagramTests */,
				3E414CFC2710860600F5C22B /* InstagramUITests */,
			);
		};
/* End PBXProject section */

/* Begin PBXResourcesBuildPhase section */
		3E414CDA2710860300F5C22B /* Resources */ = {
			isa = PBXResourcesBuildPhase;
			buildActionMask = 2147483647;
			files = (
				3E414CEC2710860600F5C22B /* LaunchScreen.storyboard in Resources */,
				3E414CE92710860600F5C22B /* Assets.xcassets in Resources */,
				3E414CE72710860300F5C22B /* Main.storyboard in Resources */,
			);
			runOnlyForDeploymentPostprocessing = 0;
		};
		3E414CF02710860600F5C22B /* Resources */ = {
			isa = PBXResourcesBuildPhase;
			buildActionMask = 2147483647;
			files = (
			);
			runOnlyForDeploymentPostprocessing = 0;
		};
		3E414CFB2710860600F5C22B /* Resources */ = {
			isa = PBXResourcesBuildPhase;
			buildActionMask = 2147483647;
			files = (
			);
			runOnlyForDeploymentPostprocessing = 0;
		};
/* End PBXResourcesBuildPhase section */

/* Begin PBXShellScriptBuildPhase section */
		2AA8F6662455A57850A137C1 /* [CP] Check Pods Manifest.lock */ = {
			isa = PBXShellScriptBuildPhase;
			buildActionMask = 2147483647;
			files = (
			);
			inputFileListPaths = (
			);
			inputPaths = (
				"${PODS_PODFILE_DIR_PATH}/Podfile.lock",
				"${PODS_ROOT}/Manifest.lock",
			);
			name = "[CP] Check Pods Manifest.lock";
			outputFileListPaths = (
			);
			outputPaths = (
				"$(DERIVED_FILE_DIR)/Pods-Instagram-checkManifestLockResult.txt",
			);
			runOnlyForDeploymentPostprocessing = 0;
			shellPath = /bin/sh;
			shellScript = "diff \"${PODS_PODFILE_DIR_PATH}/Podfile.lock\" \"${PODS_ROOT}/Manifest.lock\" > /dev/null\nif [ $? != 0 ] ; then\n    # print error to STDERR\n    echo \"error: The sandbox is not in sync with the Podfile.lock. Run 'pod install' or update your CocoaPods installation.\" >&2\n    exit 1\nfi\n# This output is used by Xcode 'outputs' to avoid re-running this script phase.\necho \"SUCCESS\" > \"${SCRIPT_OUTPUT_FILE_0}\"\n";
			showEnvVarsInLog = 0;
		};
		2F81A1951FA7A1601EFA6DD0 /* [CP] Check Pods Manifest.lock */ = {
			isa = PBXShellScriptBuildPhase;
			buildActionMask = 2147483647;
			files = (
			);
			inputFileListPaths = (
			);
			inputPaths = (
				"${PODS_PODFILE_DIR_PATH}/Podfile.lock",
				"${PODS_ROOT}/Manifest.lock",
			);
			name = "[CP] Check Pods Manifest.lock";
			outputFileListPaths = (
			);
			outputPaths = (
				"$(DERIVED_FILE_DIR)/Pods-InstagramTests-checkManifestLockResult.txt",
			);
			runOnlyForDeploymentPostprocessing = 0;
			shellPath = /bin/sh;
			shellScript = "diff \"${PODS_PODFILE_DIR_PATH}/Podfile.lock\" \"${PODS_ROOT}/Manifest.lock\" > /dev/null\nif [ $? != 0 ] ; then\n    # print error to STDERR\n    echo \"error: The sandbox is not in sync with the Podfile.lock. Run 'pod install' or update your CocoaPods installation.\" >&2\n    exit 1\nfi\n# This output is used by Xcode 'outputs' to avoid re-running this script phase.\necho \"SUCCESS\" > \"${SCRIPT_OUTPUT_FILE_0}\"\n";
			showEnvVarsInLog = 0;
		};
		5471B7C8543E8A28D1222687 /* [CP] Embed Pods Frameworks */ = {
			isa = PBXShellScriptBuildPhase;
			buildActionMask = 2147483647;
			files = (
			);
			inputFileListPaths = (
				"${PODS_ROOT}/Target Support Files/Pods-Instagram-InstagramUITests/Pods-Instagram-InstagramUITests-frameworks-${CONFIGURATION}-input-files.xcfilelist",
			);
			name = "[CP] Embed Pods Frameworks";
			outputFileListPaths = (
				"${PODS_ROOT}/Target Support Files/Pods-Instagram-InstagramUITests/Pods-Instagram-InstagramUITests-frameworks-${CONFIGURATION}-output-files.xcfilelist",
			);
			runOnlyForDeploymentPostprocessing = 0;
			shellPath = /bin/sh;
			shellScript = "\"${PODS_ROOT}/Target Support Files/Pods-Instagram-InstagramUITests/Pods-Instagram-InstagramUITests-frameworks.sh\"\n";
			showEnvVarsInLog = 0;
		};
		5A1C9626DC939CD338870BE1 /* [CP] Embed Pods Frameworks */ = {
			isa = PBXShellScriptBuildPhase;
			buildActionMask = 2147483647;
			files = (
			);
			inputFileListPaths = (
				"${PODS_ROOT}/Target Support Files/Pods-Instagram/Pods-Instagram-frameworks-${CONFIGURATION}-input-files.xcfilelist",
			);
			name = "[CP] Embed Pods Frameworks";
			outputFileListPaths = (
				"${PODS_ROOT}/Target Support Files/Pods-Instagram/Pods-Instagram-frameworks-${CONFIGURATION}-output-files.xcfilelist",
			);
			runOnlyForDeploymentPostprocessing = 0;
			shellPath = /bin/sh;
			shellScript = "\"${PODS_ROOT}/Target Support Files/Pods-Instagram/Pods-Instagram-frameworks.sh\"\n";
			showEnvVarsInLog = 0;
		};
		7342B54B88FF97A47F68578E /* [CP] Check Pods Manifest.lock */ = {
			isa = PBXShellScriptBuildPhase;
			buildActionMask = 2147483647;
			files = (
			);
			inputFileListPaths = (
			);
			inputPaths = (
				"${PODS_PODFILE_DIR_PATH}/Podfile.lock",
				"${PODS_ROOT}/Manifest.lock",
			);
			name = "[CP] Check Pods Manifest.lock";
			outputFileListPaths = (
			);
			outputPaths = (
				"$(DERIVED_FILE_DIR)/Pods-Instagram-InstagramUITests-checkManifestLockResult.txt",
			);
			runOnlyForDeploymentPostprocessing = 0;
			shellPath = /bin/sh;
			shellScript = "diff \"${PODS_PODFILE_DIR_PATH}/Podfile.lock\" \"${PODS_ROOT}/Manifest.lock\" > /dev/null\nif [ $? != 0 ] ; then\n    # print error to STDERR\n    echo \"error: The sandbox is not in sync with the Podfile.lock. Run 'pod install' or update your CocoaPods installation.\" >&2\n    exit 1\nfi\n# This output is used by Xcode 'outputs' to avoid re-running this script phase.\necho \"SUCCESS\" > \"${SCRIPT_OUTPUT_FILE_0}\"\n";
			showEnvVarsInLog = 0;
		};
/* End PBXShellScriptBuildPhase section */

/* Begin PBXSourcesBuildPhase section */
		3E414CD82710860300F5C22B /* Sources */ = {
			isa = PBXSourcesBuildPhase;
			buildActionMask = 2147483647;
			files = (
				3E0BB44527112C0D00D700CD /* LoginViewController.swift in Sources */,
				3EF7C9E727115C2A00E3CA94 /* PostCell.swift in Sources */,
				3E1C0A3B27114DD200F240F1 /* CameraViewController.swift in Sources */,
				3E414CE02710860300F5C22B /* AppDelegate.swift in Sources */,
				3E0BB44A27112C1B00D700CD /* FeedViewController.swift in Sources */,
				3E414CE22710860300F5C22B /* SceneDelegate.swift in Sources */,
				3EA82B54271CFAAD00B45CB2 /* CommentCell.swift in Sources */,
			);
			runOnlyForDeploymentPostprocessing = 0;
		};
		3E414CEE2710860600F5C22B /* Sources */ = {
			isa = PBXSourcesBuildPhase;
			buildActionMask = 2147483647;
			files = (
				3E414CF72710860600F5C22B /* InstagramTests.swift in Sources */,
			);
			runOnlyForDeploymentPostprocessing = 0;
		};
		3E414CF92710860600F5C22B /* Sources */ = {
			isa = PBXSourcesBuildPhase;
			buildActionMask = 2147483647;
			files = (
				3E414D022710860600F5C22B /* InstagramUITests.swift in Sources */,
			);
			runOnlyForDeploymentPostprocessing = 0;
		};
/* End PBXSourcesBuildPhase section */

/* Begin PBXTargetDependency section */
		3E414CF42710860600F5C22B /* PBXTargetDependency */ = {
			isa = PBXTargetDependency;
			target = 3E414CDB2710860300F5C22B /* Instagram */;
			targetProxy = 3E414CF32710860600F5C22B /* PBXContainerItemProxy */;
		};
		3E414CFF2710860600F5C22B /* PBXTargetDependency */ = {
			isa = PBXTargetDependency;
			target = 3E414CDB2710860300F5C22B /* Instagram */;
			targetProxy = 3E414CFE2710860600F5C22B /* PBXContainerItemProxy */;
		};
/* End PBXTargetDependency section */

/* Begin PBXVariantGroup section */
		3E414CE52710860300F5C22B /* Main.storyboard */ = {
			isa = PBXVariantGroup;
			children = (
				3E414CE62710860300F5C22B /* Base */,
			);
			name = Main.storyboard;
			sourceTree = "<group>";
		};
		3E414CEA2710860600F5C22B /* LaunchScreen.storyboard */ = {
			isa = PBXVariantGroup;
			children = (
				3E414CEB2710860600F5C22B /* Base */,
			);
			name = LaunchScreen.storyboard;
			sourceTree = "<group>";
		};
/* End PBXVariantGroup section */

/* Begin XCBuildConfiguration section */
		3E414D042710860600F5C22B /* Debug */ = {
			isa = XCBuildConfiguration;
			buildSettings = {
				ALWAYS_SEARCH_USER_PATHS = NO;
				CLANG_ANALYZER_NONNULL = YES;
				CLANG_ANALYZER_NUMBER_OBJECT_CONVERSION = YES_AGGRESSIVE;
				CLANG_CXX_LANGUAGE_STANDARD = "gnu++14";
				CLANG_CXX_LIBRARY = "libc++";
				CLANG_ENABLE_MODULES = YES;
				CLANG_ENABLE_OBJC_ARC = YES;
				CLANG_ENABLE_OBJC_WEAK = YES;
				CLANG_WARN_BLOCK_CAPTURE_AUTORELEASING = YES;
				CLANG_WARN_BOOL_CONVERSION = YES;
				CLANG_WARN_COMMA = YES;
				CLANG_WARN_CONSTANT_CONVERSION = YES;
				CLANG_WARN_DEPRECATED_OBJC_IMPLEMENTATIONS = YES;
				CLANG_WARN_DIRECT_OBJC_ISA_USAGE = YES_ERROR;
				CLANG_WARN_DOCUMENTATION_COMMENTS = YES;
				CLANG_WARN_EMPTY_BODY = YES;
				CLANG_WARN_ENUM_CONVERSION = YES;
				CLANG_WARN_INFINITE_RECURSION = YES;
				CLANG_WARN_INT_CONVERSION = YES;
				CLANG_WARN_NON_LITERAL_NULL_CONVERSION = YES;
				CLANG_WARN_OBJC_IMPLICIT_RETAIN_SELF = YES;
				CLANG_WARN_OBJC_LITERAL_CONVERSION = YES;
				CLANG_WARN_OBJC_ROOT_CLASS = YES_ERROR;
				CLANG_WARN_QUOTED_INCLUDE_IN_FRAMEWORK_HEADER = YES;
				CLANG_WARN_RANGE_LOOP_ANALYSIS = YES;
				CLANG_WARN_STRICT_PROTOTYPES = YES;
				CLANG_WARN_SUSPICIOUS_MOVE = YES;
				CLANG_WARN_UNGUARDED_AVAILABILITY = YES_AGGRESSIVE;
				CLANG_WARN_UNREACHABLE_CODE = YES;
				CLANG_WARN__DUPLICATE_METHOD_MATCH = YES;
				COPY_PHASE_STRIP = NO;
				DEBUG_INFORMATION_FORMAT = dwarf;
				ENABLE_STRICT_OBJC_MSGSEND = YES;
				ENABLE_TESTABILITY = YES;
				GCC_C_LANGUAGE_STANDARD = gnu11;
				GCC_DYNAMIC_NO_PIC = NO;
				GCC_NO_COMMON_BLOCKS = YES;
				GCC_OPTIMIZATION_LEVEL = 0;
				GCC_PREPROCESSOR_DEFINITIONS = (
					"DEBUG=1",
					"$(inherited)",
				);
				GCC_WARN_64_TO_32_BIT_CONVERSION = YES;
				GCC_WARN_ABOUT_RETURN_TYPE = YES_ERROR;
				GCC_WARN_UNDECLARED_SELECTOR = YES;
				GCC_WARN_UNINITIALIZED_AUTOS = YES_AGGRESSIVE;
				GCC_WARN_UNUSED_FUNCTION = YES;
				GCC_WARN_UNUSED_VARIABLE = YES;
				IPHONEOS_DEPLOYMENT_TARGET = 14.4;
				MTL_ENABLE_DEBUG_INFO = INCLUDE_SOURCE;
				MTL_FAST_MATH = YES;
				ONLY_ACTIVE_ARCH = YES;
				SDKROOT = iphoneos;
				SWIFT_ACTIVE_COMPILATION_CONDITIONS = DEBUG;
				SWIFT_OPTIMIZATION_LEVEL = "-Onone";
			};
			name = Debug;
		};
		3E414D052710860600F5C22B /* Release */ = {
			isa = XCBuildConfiguration;
			buildSettings = {
				ALWAYS_SEARCH_USER_PATHS = NO;
				CLANG_ANALYZER_NONNULL = YES;
				CLANG_ANALYZER_NUMBER_OBJECT_CONVERSION = YES_AGGRESSIVE;
				CLANG_CXX_LANGUAGE_STANDARD = "gnu++14";
				CLANG_CXX_LIBRARY = "libc++";
				CLANG_ENABLE_MODULES = YES;
				CLANG_ENABLE_OBJC_ARC = YES;
				CLANG_ENABLE_OBJC_WEAK = YES;
				CLANG_WARN_BLOCK_CAPTURE_AUTORELEASING = YES;
				CLANG_WARN_BOOL_CONVERSION = YES;
				CLANG_WARN_COMMA = YES;
				CLANG_WARN_CONSTANT_CONVERSION = YES;
				CLANG_WARN_DEPRECATED_OBJC_IMPLEMENTATIONS = YES;
				CLANG_WARN_DIRECT_OBJC_ISA_USAGE = YES_ERROR;
				CLANG_WARN_DOCUMENTATION_COMMENTS = YES;
				CLANG_WARN_EMPTY_BODY = YES;
				CLANG_WARN_ENUM_CONVERSION = YES;
				CLANG_WARN_INFINITE_RECURSION = YES;
				CLANG_WARN_INT_CONVERSION = YES;
				CLANG_WARN_NON_LITERAL_NULL_CONVERSION = YES;
				CLANG_WARN_OBJC_IMPLICIT_RETAIN_SELF = YES;
				CLANG_WARN_OBJC_LITERAL_CONVERSION = YES;
				CLANG_WARN_OBJC_ROOT_CLASS = YES_ERROR;
				CLANG_WARN_QUOTED_INCLUDE_IN_FRAMEWORK_HEADER = YES;
				CLANG_WARN_RANGE_LOOP_ANALYSIS = YES;
				CLANG_WARN_STRICT_PROTOTYPES = YES;
				CLANG_WARN_SUSPICIOUS_MOVE = YES;
				CLANG_WARN_UNGUARDED_AVAILABILITY = YES_AGGRESSIVE;
				CLANG_WARN_UNREACHABLE_CODE = YES;
				CLANG_WARN__DUPLICATE_METHOD_MATCH = YES;
				COPY_PHASE_STRIP = NO;
				DEBUG_INFORMATION_FORMAT = "dwarf-with-dsym";
				ENABLE_NS_ASSERTIONS = NO;
				ENABLE_STRICT_OBJC_MSGSEND = YES;
				GCC_C_LANGUAGE_STANDARD = gnu11;
				GCC_NO_COMMON_BLOCKS = YES;
				GCC_WARN_64_TO_32_BIT_CONVERSION = YES;
				GCC_WARN_ABOUT_RETURN_TYPE = YES_ERROR;
				GCC_WARN_UNDECLARED_SELECTOR = YES;
				GCC_WARN_UNINITIALIZED_AUTOS = YES_AGGRESSIVE;
				GCC_WARN_UNUSED_FUNCTION = YES;
				GCC_WARN_UNUSED_VARIABLE = YES;
				IPHONEOS_DEPLOYMENT_TARGET = 14.4;
				MTL_ENABLE_DEBUG_INFO = NO;
				MTL_FAST_MATH = YES;
				SDKROOT = iphoneos;
				SWIFT_COMPILATION_MODE = wholemodule;
				SWIFT_OPTIMIZATION_LEVEL = "-O";
				VALIDATE_PRODUCT = YES;
			};
			name = Release;
		};
		3E414D072710860600F5C22B /* Debug */ = {
			isa = XCBuildConfiguration;
			baseConfigurationReference = 87F564F95989E200834B39BD /* Pods-Instagram.debug.xcconfig */;
			buildSettings = {
				ASSETCATALOG_COMPILER_APPICON_NAME = AppIcon;
				ASSETCATALOG_COMPILER_GLOBAL_ACCENT_COLOR_NAME = AccentColor;
				CODE_SIGN_STYLE = Automatic;
				INFOPLIST_FILE = Instagram/Info.plist;
				LD_RUNPATH_SEARCH_PATHS = (
					"$(inherited)",
					"@executable_path/Frameworks",
				);
				PRODUCT_BUNDLE_IDENTIFIER = SamiSwift1.Instagram;
				PRODUCT_NAME = "$(TARGET_NAME)";
				SWIFT_VERSION = 5.0;
				TARGETED_DEVICE_FAMILY = "1,2";
			};
			name = Debug;
		};
		3E414D082710860600F5C22B /* Release */ = {
			isa = XCBuildConfiguration;
			baseConfigurationReference = 7D75DCE2427202F1CDB453A8 /* Pods-Instagram.release.xcconfig */;
			buildSettings = {
				ASSETCATALOG_COMPILER_APPICON_NAME = AppIcon;
				ASSETCATALOG_COMPILER_GLOBAL_ACCENT_COLOR_NAME = AccentColor;
				CODE_SIGN_STYLE = Automatic;
				INFOPLIST_FILE = Instagram/Info.plist;
				LD_RUNPATH_SEARCH_PATHS = (
					"$(inherited)",
					"@executable_path/Frameworks",
				);
				PRODUCT_BUNDLE_IDENTIFIER = SamiSwift1.Instagram;
				PRODUCT_NAME = "$(TARGET_NAME)";
				SWIFT_VERSION = 5.0;
				TARGETED_DEVICE_FAMILY = "1,2";
			};
			name = Release;
		};
		3E414D0A2710860600F5C22B /* Debug */ = {
			isa = XCBuildConfiguration;
			baseConfigurationReference = 5A62F9E80563B573277BC496 /* Pods-InstagramTests.debug.xcconfig */;
			buildSettings = {
				ALWAYS_EMBED_SWIFT_STANDARD_LIBRARIES = YES;
				BUNDLE_LOADER = "$(TEST_HOST)";
				CODE_SIGN_STYLE = Automatic;
				INFOPLIST_FILE = InstagramTests/Info.plist;
				IPHONEOS_DEPLOYMENT_TARGET = 14.4;
				LD_RUNPATH_SEARCH_PATHS = (
					"$(inherited)",
					"@executable_path/Frameworks",
					"@loader_path/Frameworks",
				);
				PRODUCT_BUNDLE_IDENTIFIER = SamiSwift1.InstagramTests;
				PRODUCT_NAME = "$(TARGET_NAME)";
				SWIFT_VERSION = 5.0;
				TARGETED_DEVICE_FAMILY = "1,2";
				TEST_HOST = "$(BUILT_PRODUCTS_DIR)/Instagram.app/Instagram";
			};
			name = Debug;
		};
		3E414D0B2710860600F5C22B /* Release */ = {
			isa = XCBuildConfiguration;
			baseConfigurationReference = F4CE6FD789A085D44D24587D /* Pods-InstagramTests.release.xcconfig */;
			buildSettings = {
				ALWAYS_EMBED_SWIFT_STANDARD_LIBRARIES = YES;
				BUNDLE_LOADER = "$(TEST_HOST)";
				CODE_SIGN_STYLE = Automatic;
				INFOPLIST_FILE = InstagramTests/Info.plist;
				IPHONEOS_DEPLOYMENT_TARGET = 14.4;
				LD_RUNPATH_SEARCH_PATHS = (
					"$(inherited)",
					"@executable_path/Frameworks",
					"@loader_path/Frameworks",
				);
				PRODUCT_BUNDLE_IDENTIFIER = SamiSwift1.InstagramTests;
				PRODUCT_NAME = "$(TARGET_NAME)";
				SWIFT_VERSION = 5.0;
				TARGETED_DEVICE_FAMILY = "1,2";
				TEST_HOST = "$(BUILT_PRODUCTS_DIR)/Instagram.app/Instagram";
			};
			name = Release;
		};
		3E414D0D2710860600F5C22B /* Debug */ = {
			isa = XCBuildConfiguration;
			baseConfigurationReference = A9F3A276CA318598D2CA004D /* Pods-Instagram-InstagramUITests.debug.xcconfig */;
			buildSettings = {
				ALWAYS_EMBED_SWIFT_STANDARD_LIBRARIES = YES;
				CODE_SIGN_STYLE = Automatic;
				INFOPLIST_FILE = InstagramUITests/Info.plist;
				LD_RUNPATH_SEARCH_PATHS = (
					"$(inherited)",
					"@executable_path/Frameworks",
					"@loader_path/Frameworks",
				);
				PRODUCT_BUNDLE_IDENTIFIER = SamiSwift1.InstagramUITests;
				PRODUCT_NAME = "$(TARGET_NAME)";
				SWIFT_VERSION = 5.0;
				TARGETED_DEVICE_FAMILY = "1,2";
				TEST_TARGET_NAME = Instagram;
			};
			name = Debug;
		};
		3E414D0E2710860600F5C22B /* Release */ = {
			isa = XCBuildConfiguration;
			baseConfigurationReference = 1A347D7AFFCF616571FDF2DB /* Pods-Instagram-InstagramUITests.release.xcconfig */;
			buildSettings = {
				ALWAYS_EMBED_SWIFT_STANDARD_LIBRARIES = YES;
				CODE_SIGN_STYLE = Automatic;
				INFOPLIST_FILE = InstagramUITests/Info.plist;
				LD_RUNPATH_SEARCH_PATHS = (
					"$(inherited)",
					"@executable_path/Frameworks",
					"@loader_path/Frameworks",
				);
				PRODUCT_BUNDLE_IDENTIFIER = SamiSwift1.InstagramUITests;
				PRODUCT_NAME = "$(TARGET_NAME)";
				SWIFT_VERSION = 5.0;
				TARGETED_DEVICE_FAMILY = "1,2";
				TEST_TARGET_NAME = Instagram;
			};
			name = Release;
		};
/* End XCBuildConfiguration section */

/* Begin XCConfigurationList section */
		3E414CD72710860300F5C22B /* Build configuration list for PBXProject "Instagram" */ = {
			isa = XCConfigurationList;
			buildConfigurations = (
				3E414D042710860600F5C22B /* Debug */,
				3E414D052710860600F5C22B /* Release */,
			);
			defaultConfigurationIsVisible = 0;
			defaultConfigurationName = Release;
		};
		3E414D062710860600F5C22B /* Build configuration list for PBXNativeTarget "Instagram" */ = {
			isa = XCConfigurationList;
			buildConfigurations = (
				3E414D072710860600F5C22B /* Debug */,
				3E414D082710860600F5C22B /* Release */,
			);
			defaultConfigurationIsVisible = 0;
			defaultConfigurationName = Release;
		};
		3E414D092710860600F5C22B /* Build configuration list for PBXNativeTarget "InstagramTests" */ = {
			isa = XCConfigurationList;
			buildConfigurations = (
				3E414D0A2710860600F5C22B /* Debug */,
				3E414D0B2710860600F5C22B /* Release */,
			);
			defaultConfigurationIsVisible = 0;
			defaultConfigurationName = Release;
		};
		3E414D0C2710860600F5C22B /* Build configuration list for PBXNativeTarget "InstagramUITests" */ = {
			isa = XCConfigurationList;
			buildConfigurations = (
				3E414D0D2710860600F5C22B /* Debug */,
				3E414D0E2710860600F5C22B /* Release */,
			);
			defaultConfigurationIsVisible = 0;
			defaultConfigurationName = Release;
		};
/* End XCConfigurationList section */
	};
	rootObject = 3E414CD42710860300F5C22B /* Project object */;
}
